
Microsoft Visual Studio Solution File, Format Version 12.00
# Visual Studio 14
VisualStudioVersion = 14.0.24720.0
MinimumVisualStudioVersion = 10.0.40219.1
Project("{8BC9CEB8-8B4A-11D0-8D11-00A0C91BC942}") = "MetaPi", "MetaPi\MetaPi.vcxproj", "{5022453F-C83E-4068-BCE8-1EB060A1A711}"
EndProject
Project("{2150E333-8FDC-42A3-9474-1A3956D46DE8}") = "Solution Items", "Solution Items", "{B7AE0E70-9189-4C01-8BC9-0F7237DFA1F1}"
	ProjectSection(SolutionItems) = preProject
		LICENSE.txt = LICENSE.txt
	EndProjectSection
EndProject
Global
	GlobalSection(SolutionConfigurationPlatforms) = preSolution
		Debug|x64 = Debug|x64
		Debug|x86 = Debug|x86
		Release|x64 = Release|x64
		Release|x86 = Release|x86
	EndGlobalSection
	GlobalSection(ProjectConfigurationPlatforms) = postSolution
		{5022453F-C83E-4068-BCE8-1EB060A1A711}.Debug|x64.ActiveCfg = Debug|x64
		{5022453F-C83E-4068-BCE8-1EB060A1A711}.Debug|x64.Build.0 = Debug|x64
		{5022453F-C83E-4068-BCE8-1EB060A1A711}.Debug|x86.ActiveCfg = Debug|Win32
		{5022453F-C83E-4068-BCE8-1EB060A1A711}.Debug|x86.Build.0 = Debug|Win32
		{5022453F-C83E-4068-BCE8-1EB060A1A711}.Release|x64.ActiveCfg = Release|x64
		{5022453F-C83E-4068-BCE8-1EB060A1A711}.Release|x64.Build.0 = Release|x64
		{5022453F-C83E-4068-BCE8-1EB060A1A711}.Release|x86.ActiveCfg = Release|Win32
		{5022453F-C83E-4068-BCE8-1EB060A1A711}.Release|x86.Build.0 = Release|Win32
	EndGlobalSection
	GlobalSection(SolutionProperties) = preSolution
		HideSolutionNode = FALSE
	EndGlobalSection
EndGlobal
